
Microsoft Visual Studio Solution File, Format Version 12.00
# Visual Studio Version 17
VisualStudioVersion = 17.5.33414.496
MinimumVisualStudioVersion = 10.0.40219.1
Project("{FAE04EC0-301F-11D3-BF4B-00C04F79EFBC}") = "Home Task 3", "Home Task 3\Home Task 3.csproj", "{D07EE080-7CBE-49D7-9509-5BB68B5A831F}"
EndProject
Global
	GlobalSection(SolutionConfigurationPlatforms) = preSolution
		Debug|Any CPU = Debug|Any CPU
		Release|Any CPU = Release|Any CPU
	EndGlobalSection
	GlobalSection(ProjectConfigurationPlatforms) = postSolution
		{D07EE080-7CBE-49D7-9509-5BB68B5A831F}.Debug|Any CPU.ActiveCfg = Debug|Any CPU
		{D07EE080-7CBE-49D7-9509-5BB68B5A831F}.Debug|Any CPU.Build.0 = Debug|Any CPU
		{D07EE080-7CBE-49D7-9509-5BB68B5A831F}.Release|Any CPU.ActiveCfg = Release|Any CPU
		{D07EE080-7CBE-49D7-9509-5BB68B5A831F}.Release|Any CPU.Build.0 = Release|Any CPU
	EndGlobalSection
	GlobalSection(SolutionProperties) = preSolution
		HideSolutionNode = FALSE
	EndGlobalSection
	GlobalSection(ExtensibilityGlobals) = postSolution
		SolutionGuid = {A66A6F13-1AC7-4169-AE8F-FC84AF6D2CBD}
	EndGlobalSection
EndGlobal
